{
  "name": "functional",
  "lockfileVersion": 2,
  "requires": true,
  "packages": {
    "": {
      "dependencies": {
        "fxjs": "^0.21.3",
        "ramda": "^0.27.1"
      }
    },
    "node_modules/@babel/runtime-corejs3": {
      "version": "7.15.3",
      "resolved": "https://registry.npmjs.org/@babel/runtime-corejs3/-/runtime-corejs3-7.15.3.tgz",
      "integrity": "sha512-30A3lP+sRL6ml8uhoJSs+8jwpKzbw8CqBvDc1laeptxPm5FahumJxirigcbD2qTs71Sonvj1cyZB0OKGAmxQ+A==",
      "dependencies": {
        "core-js-pure": "^3.16.0",
        "regenerator-runtime": "^0.13.4"
      },
      "engines": {
        "node": ">=6.9.0"
      }
    },
    "node_modules/core-js-pure": {
      "version": "3.16.1",
      "resolved": "https://registry.npmjs.org/core-js-pure/-/core-js-pure-3.16.1.tgz",
      "integrity": "sha512-TyofCdMzx0KMhi84mVRS8rL1XsRk2SPUNz2azmth53iRN0/08Uim9fdhQTaZTG1LqaXHYVci4RDHka6WrXfnvg==",
      "hasInstallScript": true,
      "funding": {
        "type": "opencollective",
        "url": "https://opencollective.com/core-js"
      }
    },
    "node_modules/fxjs": {
      "version": "0.21.3",
      "resolved": "https://registry.npmjs.org/fxjs/-/fxjs-0.21.3.tgz",
      "integrity": "sha512-8VubsQoPEm2bA+Q80Bh12cTWCnGpIi1T6e6Ot61ZfqbB3yoickB+//HJDpq+okdmu9gNQmnN7VpfRaT/aBdwXA==",
      "dependencies": {
        "@babel/runtime-corejs3": "^7.14.5"
      }
    },
    "node_modules/ramda": {
      "version": "0.27.1",
      "resolved": "https://registry.npmjs.org/ramda/-/ramda-0.27.1.tgz",
      "integrity": "sha512-PgIdVpn5y5Yns8vqb8FzBUEYn98V3xcPgawAkkgj0YJ0qDsnHCiNmZYfOGMgOvoB0eWFLpYbhxUR3mxfDIMvpw=="
    },
    "node_modules/regenerator-runtime": {
      "version": "0.13.9",
      "resolved": "https://registry.npmjs.org/regenerator-runtime/-/regenerator-runtime-0.13.9.tgz",
      "integrity": "sha512-p3VT+cOEgxFsRRA9X4lkI1E+k2/CtnKtU4gcxyaCUreilL/vqI6CdZ3wxVUx3UOUg+gnUOQQcRI7BmSI656MYA=="
    }
  },
  "dependencies": {
    "@babel/runtime-corejs3": {
      "version": "7.15.3",
      "resolved": "https://registry.npmjs.org/@babel/runtime-corejs3/-/runtime-corejs3-7.15.3.tgz",
      "integrity": "sha512-30A3lP+sRL6ml8uhoJSs+8jwpKzbw8CqBvDc1laeptxPm5FahumJxirigcbD2qTs71Sonvj1cyZB0OKGAmxQ+A==",
      "requires": {
        "core-js-pure": "^3.16.0",
        "regenerator-runtime": "^0.13.4"
      }
    },
    "core-js-pure": {
      "version": "3.16.1",
      "resolved": "https://registry.npmjs.org/core-js-pure/-/core-js-pure-3.16.1.tgz",
      "integrity": "sha512-TyofCdMzx0KMhi84mVRS8rL1XsRk2SPUNz2azmth53iRN0/08Uim9fdhQTaZTG1LqaXHYVci4RDHka6WrXfnvg=="
    },
    "fxjs": {
      "version": "0.21.3",
      "resolved": "https://registry.npmjs.org/fxjs/-/fxjs-0.21.3.tgz",
      "integrity": "sha512-8VubsQoPEm2bA+Q80Bh12cTWCnGpIi1T6e6Ot61ZfqbB3yoickB+//HJDpq+okdmu9gNQmnN7VpfRaT/aBdwXA==",
      "requires": {
        "@babel/runtime-corejs3": "^7.14.5"
      }
    },
    "ramda": {
      "version": "0.27.1",
      "resolved": "https://registry.npmjs.org/ramda/-/ramda-0.27.1.tgz",
      "integrity": "sha512-PgIdVpn5y5Yns8vqb8FzBUEYn98V3xcPgawAkkgj0YJ0qDsnHCiNmZYfOGMgOvoB0eWFLpYbhxUR3mxfDIMvpw=="
    },
    "regenerator-runtime": {
      "version": "0.13.9",
      "resolved": "https://registry.npmjs.org/regenerator-runtime/-/regenerator-runtime-0.13.9.tgz",
      "integrity": "sha512-p3VT+cOEgxFsRRA9X4lkI1E+k2/CtnKtU4gcxyaCUreilL/vqI6CdZ3wxVUx3UOUg+gnUOQQcRI7BmSI656MYA=="
    }
  }
}
